
Microsoft Visual Studio Solution File, Format Version 12.00
# Visual Studio 15
VisualStudioVersion = 15.0.27703.2035
MinimumVisualStudioVersion = 10.0.40219.1
Project("{FAE04EC0-301F-11D3-BF4B-00C04F79EFBC}") = "2 Savarankiskas", "2 Savarankiskas.csproj", "{1C1A66E0-C56F-459B-8F3E-1B7E3EB4F815}"
EndProject
Project("{FAE04EC0-301F-11D3-BF4B-00C04F79EFBC}") = "1 Savarankiskas", "..\1 Savarankiskas\1 Savarankiskas.csproj", "{6FA56ADF-3AB3-4725-9AE7-79745BC6004C}"
EndProject
Global
	GlobalSection(SolutionConfigurationPlatforms) = preSolution
		Debug|Any CPU = Debug|Any CPU
		Release|Any CPU = Release|Any CPU
	EndGlobalSection
	GlobalSection(ProjectConfigurationPlatforms) = postSolution
		{1C1A66E0-C56F-459B-8F3E-1B7E3EB4F815}.Debug|Any CPU.ActiveCfg = Debug|Any CPU
		{1C1A66E0-C56F-459B-8F3E-1B7E3EB4F815}.Debug|Any CPU.Build.0 = Debug|Any CPU
		{1C1A66E0-C56F-459B-8F3E-1B7E3EB4F815}.Release|Any CPU.ActiveCfg = Release|Any CPU
		{1C1A66E0-C56F-459B-8F3E-1B7E3EB4F815}.Release|Any CPU.Build.0 = Release|Any CPU
		{6FA56ADF-3AB3-4725-9AE7-79745BC6004C}.Debug|Any CPU.ActiveCfg = Debug|Any CPU
		{6FA56ADF-3AB3-4725-9AE7-79745BC6004C}.Debug|Any CPU.Build.0 = Debug|Any CPU
		{6FA56ADF-3AB3-4725-9AE7-79745BC6004C}.Release|Any CPU.ActiveCfg = Release|Any CPU
		{6FA56ADF-3AB3-4725-9AE7-79745BC6004C}.Release|Any CPU.Build.0 = Release|Any CPU
	EndGlobalSection
	GlobalSection(SolutionProperties) = preSolution
		HideSolutionNode = FALSE
	EndGlobalSection
	GlobalSection(ExtensibilityGlobals) = postSolution
		SolutionGuid = {1191DEF4-7414-49A0-91E0-78B509AD52C3}
	EndGlobalSection
EndGlobal
